
Microsoft Visual Studio Solution File, Format Version 12.00
# Visual Studio Version 16
VisualStudioVersion = 16.0.31424.327
MinimumVisualStudioVersion = 10.0.40219.1
Project("{FAE04EC0-301F-11D3-BF4B-00C04F79EFBC}") = "ContosoUniversity", "ContosoUniversity.csproj", "{4D7AFA5B-F67E-4DD9-ACA8-F8089717FAB9}"
EndProject
Global
	GlobalSection(SolutionConfigurationPlatforms) = preSolution
		Debug|Any CPU = Debug|Any CPU
		Release|Any CPU = Release|Any CPU
	EndGlobalSection
	GlobalSection(ProjectConfigurationPlatforms) = postSolution
		{4D7AFA5B-F67E-4DD9-ACA8-F8089717FAB9}.Debug|Any CPU.ActiveCfg = Debug|Any CPU
		{4D7AFA5B-F67E-4DD9-ACA8-F8089717FAB9}.Debug|Any CPU.Build.0 = Debug|Any CPU
		{4D7AFA5B-F67E-4DD9-ACA8-F8089717FAB9}.Release|Any CPU.ActiveCfg = Release|Any CPU
		{4D7AFA5B-F67E-4DD9-ACA8-F8089717FAB9}.Release|Any CPU.Build.0 = Release|Any CPU
	EndGlobalSection
	GlobalSection(SolutionProperties) = preSolution
		HideSolutionNode = FALSE
	EndGlobalSection
	GlobalSection(ExtensibilityGlobals) = postSolution
		SolutionGuid = {1CEBAEB4-0D9A-46F0-B514-143F1E6715E8}
	EndGlobalSection
EndGlobal
